
Microsoft Visual Studio Solution File, Format Version 12.00
# Visual Studio 15
VisualStudioVersion = 15.0.27130.2003
MinimumVisualStudioVersion = 10.0.40219.1
Project("{FAE04EC0-301F-11D3-BF4B-00C04F79EFBC}") = "TASI_APIRecruiment_Entities", "TASI_APIRecruiment_Entities\TASI_APIRecruiment_Entities.csproj", "{467D1C0C-D813-448A-8BD2-69BA14C882A1}"
EndProject
Global
	GlobalSection(SolutionConfigurationPlatforms) = preSolution
		Debug|Any CPU = Debug|Any CPU
		Release|Any CPU = Release|Any CPU
	EndGlobalSection
	GlobalSection(ProjectConfigurationPlatforms) = postSolution
		{467D1C0C-D813-448A-8BD2-69BA14C882A1}.Debug|Any CPU.ActiveCfg = Debug|Any CPU
		{467D1C0C-D813-448A-8BD2-69BA14C882A1}.Debug|Any CPU.Build.0 = Debug|Any CPU
		{467D1C0C-D813-448A-8BD2-69BA14C882A1}.Release|Any CPU.ActiveCfg = Release|Any CPU
		{467D1C0C-D813-448A-8BD2-69BA14C882A1}.Release|Any CPU.Build.0 = Release|Any CPU
	EndGlobalSection
	GlobalSection(SolutionProperties) = preSolution
		HideSolutionNode = FALSE
	EndGlobalSection
	GlobalSection(ExtensibilityGlobals) = postSolution
		SolutionGuid = {957545CA-E8FD-403F-9644-867AC68A2E6B}
	EndGlobalSection
EndGlobal
