
Microsoft Visual Studio Solution File, Format Version 12.00
# Visual Studio 15
VisualStudioVersion = 15.0.27130.2003
MinimumVisualStudioVersion = 10.0.40219.1
Project("{FAE04EC0-301F-11D3-BF4B-00C04F79EFBC}") = "TASI_UIHumanResource", "TASI_UIHumanResource\TASI_UIHumanResource.csproj", "{A2D044B5-DC80-475A-BD27-279B62C11942}"
EndProject
Global
	GlobalSection(SolutionConfigurationPlatforms) = preSolution
		Debug|Any CPU = Debug|Any CPU
		Release|Any CPU = Release|Any CPU
	EndGlobalSection
	GlobalSection(ProjectConfigurationPlatforms) = postSolution
		{A2D044B5-DC80-475A-BD27-279B62C11942}.Debug|Any CPU.ActiveCfg = Debug|Any CPU
		{A2D044B5-DC80-475A-BD27-279B62C11942}.Debug|Any CPU.Build.0 = Debug|Any CPU
		{A2D044B5-DC80-475A-BD27-279B62C11942}.Release|Any CPU.ActiveCfg = Release|Any CPU
		{A2D044B5-DC80-475A-BD27-279B62C11942}.Release|Any CPU.Build.0 = Release|Any CPU
	EndGlobalSection
	GlobalSection(SolutionProperties) = preSolution
		HideSolutionNode = FALSE
	EndGlobalSection
	GlobalSection(ExtensibilityGlobals) = postSolution
		SolutionGuid = {181678F7-FBD7-4A88-80CE-1A7A3B269A1E}
	EndGlobalSection
EndGlobal
