
Microsoft Visual Studio Solution File, Format Version 12.00
# Visual Studio 15
VisualStudioVersion = 15.0.27130.2003
MinimumVisualStudioVersion = 10.0.40219.1
Project("{FAE04EC0-301F-11D3-BF4B-00C04F79EFBC}") = "TASI_APIHumanResoucre_Entities", "TASI_APIHumanResoucre_Entities\TASI_APIHumanResoucre_Entities.csproj", "{D9E92086-0C18-45F1-9D62-0E01EE941DA2}"
EndProject
Global
	GlobalSection(SolutionConfigurationPlatforms) = preSolution
		Debug|Any CPU = Debug|Any CPU
		Release|Any CPU = Release|Any CPU
	EndGlobalSection
	GlobalSection(ProjectConfigurationPlatforms) = postSolution
		{D9E92086-0C18-45F1-9D62-0E01EE941DA2}.Debug|Any CPU.ActiveCfg = Debug|Any CPU
		{D9E92086-0C18-45F1-9D62-0E01EE941DA2}.Debug|Any CPU.Build.0 = Debug|Any CPU
		{D9E92086-0C18-45F1-9D62-0E01EE941DA2}.Release|Any CPU.ActiveCfg = Release|Any CPU
		{D9E92086-0C18-45F1-9D62-0E01EE941DA2}.Release|Any CPU.Build.0 = Release|Any CPU
	EndGlobalSection
	GlobalSection(SolutionProperties) = preSolution
		HideSolutionNode = FALSE
	EndGlobalSection
	GlobalSection(ExtensibilityGlobals) = postSolution
		SolutionGuid = {D8AFDCB0-99DE-47EE-A560-FBABD3C30FDD}
	EndGlobalSection
EndGlobal
